
Microsoft Visual Studio Solution File, Format Version 12.00
# Visual Studio Version 17
VisualStudioVersion = 17.5.33627.172
MinimumVisualStudioVersion = 10.0.40219.1
Project("{2150E333-8FDC-42A3-9474-1A3956D46DE8}") = "0 - Presentation", "0 - Presentation", "{43749EDF-15AF-4B0C-9FC5-3FBAFFC0FDD2}"
EndProject
Project("{2150E333-8FDC-42A3-9474-1A3956D46DE8}") = "1 - Application", "1 - Application", "{0D9E27F3-6890-480D-BA3E-F668659B0C24}"
EndProject
Project("{2150E333-8FDC-42A3-9474-1A3956D46DE8}") = "2 - Domain", "2 - Domain", "{AC8FB36B-AB9B-4794-BA95-2A18B863710F}"
EndProject
Project("{2150E333-8FDC-42A3-9474-1A3956D46DE8}") = "3 - Infra", "3 - Infra", "{86A90595-2D92-467C-93E2-F2523E64ECE7}"
EndProject
Project("{2150E333-8FDC-42A3-9474-1A3956D46DE8}") = "3.1 - Data", "3.1 - Data", "{86731677-4056-43E4-BC7B-E2057F646AE7}"
EndProject
Project("{2150E333-8FDC-42A3-9474-1A3956D46DE8}") = "3.2 - CrossCutting", "3.2 - CrossCutting", "{2FD12CBF-7EDD-43BE-804F-A41519B01098}"
EndProject
Project("{9A19103F-16F7-4668-BE54-9A1E7A4F7556}") = "Arpti.Application", "src\Arpti.Application\Arpti.Application.csproj", "{36A0080D-8BF1-48F7-ADDD-54E72C807F30}"
EndProject
Project("{9A19103F-16F7-4668-BE54-9A1E7A4F7556}") = "Arpti.Domain", "src\Arpti.Domain\Arpti.Domain.csproj", "{3067AC47-1545-4058-9A3C-C14C9612FFE4}"
EndProject
Project("{9A19103F-16F7-4668-BE54-9A1E7A4F7556}") = "Arpti.Infra.Data", "src\Arpti.Infra.Data\Arpti.Infra.Data.csproj", "{742F7C4D-9509-4BBD-A686-FC3F5D02624B}"
	ProjectSection(ProjectDependencies) = postProject
		{3067AC47-1545-4058-9A3C-C14C9612FFE4} = {3067AC47-1545-4058-9A3C-C14C9612FFE4}
	EndProjectSection
EndProject
Project("{9A19103F-16F7-4668-BE54-9A1E7A4F7556}") = "Arpti.API", "src\Arpti.API\Arpti.API.csproj", "{21F3975A-4DD8-4792-B70B-514A4042C69F}"
EndProject
Project("{FAE04EC0-301F-11D3-BF4B-00C04F79EFBC}") = "Arpti.Domain.Robo", "src\Arpti.Domain.Robo\Arpti.Domain.Robo.csproj", "{0B1F1F9D-88DC-4D40-8EB8-F4FECCCD9A60}"
EndProject
Project("{2150E333-8FDC-42A3-9474-1A3956D46DE8}") = "APIs", "APIs", "{6BD52D45-7EBC-4FBA-9CC5-29BF8D068DA1}"
EndProject
Project("{2150E333-8FDC-42A3-9474-1A3956D46DE8}") = "Robo", "Robo", "{FF99D386-1232-47C4-920E-9183C3299D80}"
EndProject
Project("{FAE04EC0-301F-11D3-BF4B-00C04F79EFBC}") = "Arpti.Robo.Executor", "src\Arpti.Robo.Executor\Arpti.Robo.Executor.csproj", "{46FFB0CF-0FCE-4124-8EB0-7E05B957FB75}"
EndProject
Project("{FAE04EC0-301F-11D3-BF4B-00C04F79EFBC}") = "Arpti.Infra.CrossCutting", "src\Arpti.Infra.CrossCutting\Arpti.Infra.CrossCutting.csproj", "{A124680C-A33E-4811-BA77-AD4ABDE3621C}"
EndProject
Project("{FAE04EC0-301F-11D3-BF4B-00C04F79EFBC}") = "Arpi.Robo.API", "src\Arpi.Robo.API\Arpi.Robo.API.csproj", "{B61AC5F7-C265-43EC-A15A-8DECC92AD31C}"
EndProject
Global
	GlobalSection(SolutionConfigurationPlatforms) = preSolution
		Debug|Any CPU = Debug|Any CPU
		Release|Any CPU = Release|Any CPU
	EndGlobalSection
	GlobalSection(ProjectConfigurationPlatforms) = postSolution
		{36A0080D-8BF1-48F7-ADDD-54E72C807F30}.Debug|Any CPU.ActiveCfg = Debug|Any CPU
		{36A0080D-8BF1-48F7-ADDD-54E72C807F30}.Debug|Any CPU.Build.0 = Debug|Any CPU
		{36A0080D-8BF1-48F7-ADDD-54E72C807F30}.Release|Any CPU.ActiveCfg = Release|Any CPU
		{36A0080D-8BF1-48F7-ADDD-54E72C807F30}.Release|Any CPU.Build.0 = Release|Any CPU
		{3067AC47-1545-4058-9A3C-C14C9612FFE4}.Debug|Any CPU.ActiveCfg = Debug|Any CPU
		{3067AC47-1545-4058-9A3C-C14C9612FFE4}.Debug|Any CPU.Build.0 = Debug|Any CPU
		{3067AC47-1545-4058-9A3C-C14C9612FFE4}.Release|Any CPU.ActiveCfg = Release|Any CPU
		{3067AC47-1545-4058-9A3C-C14C9612FFE4}.Release|Any CPU.Build.0 = Release|Any CPU
		{742F7C4D-9509-4BBD-A686-FC3F5D02624B}.Debug|Any CPU.ActiveCfg = Debug|Any CPU
		{742F7C4D-9509-4BBD-A686-FC3F5D02624B}.Debug|Any CPU.Build.0 = Debug|Any CPU
		{742F7C4D-9509-4BBD-A686-FC3F5D02624B}.Release|Any CPU.ActiveCfg = Release|Any CPU
		{742F7C4D-9509-4BBD-A686-FC3F5D02624B}.Release|Any CPU.Build.0 = Release|Any CPU
		{21F3975A-4DD8-4792-B70B-514A4042C69F}.Debug|Any CPU.ActiveCfg = Debug|Any CPU
		{21F3975A-4DD8-4792-B70B-514A4042C69F}.Debug|Any CPU.Build.0 = Debug|Any CPU
		{21F3975A-4DD8-4792-B70B-514A4042C69F}.Release|Any CPU.ActiveCfg = Release|Any CPU
		{21F3975A-4DD8-4792-B70B-514A4042C69F}.Release|Any CPU.Build.0 = Release|Any CPU
		{0B1F1F9D-88DC-4D40-8EB8-F4FECCCD9A60}.Debug|Any CPU.ActiveCfg = Debug|Any CPU
		{0B1F1F9D-88DC-4D40-8EB8-F4FECCCD9A60}.Debug|Any CPU.Build.0 = Debug|Any CPU
		{0B1F1F9D-88DC-4D40-8EB8-F4FECCCD9A60}.Release|Any CPU.ActiveCfg = Release|Any CPU
		{0B1F1F9D-88DC-4D40-8EB8-F4FECCCD9A60}.Release|Any CPU.Build.0 = Release|Any CPU
		{46FFB0CF-0FCE-4124-8EB0-7E05B957FB75}.Debug|Any CPU.ActiveCfg = Debug|Any CPU
		{46FFB0CF-0FCE-4124-8EB0-7E05B957FB75}.Debug|Any CPU.Build.0 = Debug|Any CPU
		{46FFB0CF-0FCE-4124-8EB0-7E05B957FB75}.Release|Any CPU.ActiveCfg = Release|Any CPU
		{46FFB0CF-0FCE-4124-8EB0-7E05B957FB75}.Release|Any CPU.Build.0 = Release|Any CPU
		{A124680C-A33E-4811-BA77-AD4ABDE3621C}.Debug|Any CPU.ActiveCfg = Debug|Any CPU
		{A124680C-A33E-4811-BA77-AD4ABDE3621C}.Debug|Any CPU.Build.0 = Debug|Any CPU
		{A124680C-A33E-4811-BA77-AD4ABDE3621C}.Release|Any CPU.ActiveCfg = Release|Any CPU
		{A124680C-A33E-4811-BA77-AD4ABDE3621C}.Release|Any CPU.Build.0 = Release|Any CPU
		{B61AC5F7-C265-43EC-A15A-8DECC92AD31C}.Debug|Any CPU.ActiveCfg = Debug|Any CPU
		{B61AC5F7-C265-43EC-A15A-8DECC92AD31C}.Debug|Any CPU.Build.0 = Debug|Any CPU
		{B61AC5F7-C265-43EC-A15A-8DECC92AD31C}.Release|Any CPU.ActiveCfg = Release|Any CPU
		{B61AC5F7-C265-43EC-A15A-8DECC92AD31C}.Release|Any CPU.Build.0 = Release|Any CPU
	EndGlobalSection
	GlobalSection(SolutionProperties) = preSolution
		HideSolutionNode = FALSE
	EndGlobalSection
	GlobalSection(NestedProjects) = preSolution
		{86731677-4056-43E4-BC7B-E2057F646AE7} = {86A90595-2D92-467C-93E2-F2523E64ECE7}
		{2FD12CBF-7EDD-43BE-804F-A41519B01098} = {86A90595-2D92-467C-93E2-F2523E64ECE7}
		{36A0080D-8BF1-48F7-ADDD-54E72C807F30} = {0D9E27F3-6890-480D-BA3E-F668659B0C24}
		{3067AC47-1545-4058-9A3C-C14C9612FFE4} = {AC8FB36B-AB9B-4794-BA95-2A18B863710F}
		{742F7C4D-9509-4BBD-A686-FC3F5D02624B} = {86731677-4056-43E4-BC7B-E2057F646AE7}
		{21F3975A-4DD8-4792-B70B-514A4042C69F} = {6BD52D45-7EBC-4FBA-9CC5-29BF8D068DA1}
		{0B1F1F9D-88DC-4D40-8EB8-F4FECCCD9A60} = {AC8FB36B-AB9B-4794-BA95-2A18B863710F}
		{6BD52D45-7EBC-4FBA-9CC5-29BF8D068DA1} = {43749EDF-15AF-4B0C-9FC5-3FBAFFC0FDD2}
		{FF99D386-1232-47C4-920E-9183C3299D80} = {43749EDF-15AF-4B0C-9FC5-3FBAFFC0FDD2}
		{46FFB0CF-0FCE-4124-8EB0-7E05B957FB75} = {FF99D386-1232-47C4-920E-9183C3299D80}
		{A124680C-A33E-4811-BA77-AD4ABDE3621C} = {2FD12CBF-7EDD-43BE-804F-A41519B01098}
		{B61AC5F7-C265-43EC-A15A-8DECC92AD31C} = {6BD52D45-7EBC-4FBA-9CC5-29BF8D068DA1}
	EndGlobalSection
	GlobalSection(ExtensibilityGlobals) = postSolution
		SolutionGuid = {E048708D-E3BC-47C3-94C8-BE52EED1E5B2}
	EndGlobalSection
EndGlobal
